
Microsoft Visual Studio Solution File, Format Version 12.00
# Visual Studio Version 16
VisualStudioVersion = 16.0.29102.190
MinimumVisualStudioVersion = 10.0.40219.1
Project("{9A19103F-16F7-4668-BE54-9A1E7A4F7556}") = "DomainPessoa", "DomainPessoa\DomainPessoa.csproj", "{FA36A8CE-641E-4D73-BD50-DF5FAE891078}"
EndProject
Project("{FAE04EC0-301F-11D3-BF4B-00C04F79EFBC}") = "ViewPessoas", "ViewPessoas\ViewPessoas.csproj", "{134D06DB-198B-4984-A3B1-BD727C73E581}"
EndProject
Project("{9A19103F-16F7-4668-BE54-9A1E7A4F7556}") = "DomainRandonNumber", "DomainRandonNumber\DomainRandonNumber.csproj", "{F972BC33-3BD9-458E-B02C-EB2A7BF8BD37}"
EndProject
Project("{FAE04EC0-301F-11D3-BF4B-00C04F79EFBC}") = "Common", "Common\Common.csproj", "{206ED28A-05E0-46BC-9427-8390E1CDD63B}"
EndProject
Global
	GlobalSection(SolutionConfigurationPlatforms) = preSolution
		Debug|Any CPU = Debug|Any CPU
		Release|Any CPU = Release|Any CPU
	EndGlobalSection
	GlobalSection(ProjectConfigurationPlatforms) = postSolution
		{FA36A8CE-641E-4D73-BD50-DF5FAE891078}.Debug|Any CPU.ActiveCfg = Debug|Any CPU
		{FA36A8CE-641E-4D73-BD50-DF5FAE891078}.Debug|Any CPU.Build.0 = Debug|Any CPU
		{FA36A8CE-641E-4D73-BD50-DF5FAE891078}.Release|Any CPU.ActiveCfg = Release|Any CPU
		{FA36A8CE-641E-4D73-BD50-DF5FAE891078}.Release|Any CPU.Build.0 = Release|Any CPU
		{134D06DB-198B-4984-A3B1-BD727C73E581}.Debug|Any CPU.ActiveCfg = Debug|Any CPU
		{134D06DB-198B-4984-A3B1-BD727C73E581}.Debug|Any CPU.Build.0 = Debug|Any CPU
		{134D06DB-198B-4984-A3B1-BD727C73E581}.Release|Any CPU.ActiveCfg = Release|Any CPU
		{134D06DB-198B-4984-A3B1-BD727C73E581}.Release|Any CPU.Build.0 = Release|Any CPU
		{F972BC33-3BD9-458E-B02C-EB2A7BF8BD37}.Debug|Any CPU.ActiveCfg = Debug|Any CPU
		{F972BC33-3BD9-458E-B02C-EB2A7BF8BD37}.Debug|Any CPU.Build.0 = Debug|Any CPU
		{F972BC33-3BD9-458E-B02C-EB2A7BF8BD37}.Release|Any CPU.ActiveCfg = Release|Any CPU
		{F972BC33-3BD9-458E-B02C-EB2A7BF8BD37}.Release|Any CPU.Build.0 = Release|Any CPU
		{206ED28A-05E0-46BC-9427-8390E1CDD63B}.Debug|Any CPU.ActiveCfg = Debug|Any CPU
		{206ED28A-05E0-46BC-9427-8390E1CDD63B}.Debug|Any CPU.Build.0 = Debug|Any CPU
		{206ED28A-05E0-46BC-9427-8390E1CDD63B}.Release|Any CPU.ActiveCfg = Release|Any CPU
		{206ED28A-05E0-46BC-9427-8390E1CDD63B}.Release|Any CPU.Build.0 = Release|Any CPU
	EndGlobalSection
	GlobalSection(SolutionProperties) = preSolution
		HideSolutionNode = FALSE
	EndGlobalSection
	GlobalSection(ExtensibilityGlobals) = postSolution
		SolutionGuid = {7E8B32F4-083A-4F51-A721-C2B5A1170AAC}
	EndGlobalSection
EndGlobal
